
Microsoft Visual Studio Solution File, Format Version 12.00
# Visual Studio 15
VisualStudioVersion = 15.0.28307.572
MinimumVisualStudioVersion = 10.0.40219.1
Project("{00D1A9C2-B5F0-4AF3-8072-F6C62B433612}") = "mySQLServerDB", "Database1\mySQLServerDB.sqlproj", "{49179365-423B-421C-9C70-64B31C85D9C1}"
EndProject
Project("{2150E333-8FDC-42A3-9474-1A3956D46DE8}") = "Solution Items", "Solution Items", "{DA7EB28A-CEBB-42D8-B013-8309CFBECB9F}"
	ProjectSection(SolutionItems) = preProject
		Database1\SqlSchemaCompareToLocal.scmp = Database1\SqlSchemaCompareToLocal.scmp
	EndProjectSection
EndProject
Global
	GlobalSection(SolutionConfigurationPlatforms) = preSolution
		Debug|Any CPU = Debug|Any CPU
		Release|Any CPU = Release|Any CPU
	EndGlobalSection
	GlobalSection(ProjectConfigurationPlatforms) = postSolution
		{49179365-423B-421C-9C70-64B31C85D9C1}.Debug|Any CPU.ActiveCfg = Debug|Any CPU
		{49179365-423B-421C-9C70-64B31C85D9C1}.Debug|Any CPU.Build.0 = Debug|Any CPU
		{49179365-423B-421C-9C70-64B31C85D9C1}.Debug|Any CPU.Deploy.0 = Debug|Any CPU
		{49179365-423B-421C-9C70-64B31C85D9C1}.Release|Any CPU.ActiveCfg = Release|Any CPU
		{49179365-423B-421C-9C70-64B31C85D9C1}.Release|Any CPU.Build.0 = Release|Any CPU
		{49179365-423B-421C-9C70-64B31C85D9C1}.Release|Any CPU.Deploy.0 = Release|Any CPU
	EndGlobalSection
	GlobalSection(SolutionProperties) = preSolution
		HideSolutionNode = FALSE
	EndGlobalSection
	GlobalSection(ExtensibilityGlobals) = postSolution
		SolutionGuid = {35488ADB-1680-4FF4-B8A6-61DBFF15E719}
	EndGlobalSection
EndGlobal
